// !$*UTF8*$!
{
	archiveVersion = 1;
	classes = {
	};
	objectVersion = 50;
	objects = {

/* Begin PBXBuildFile section */
		586C8DE12158906A000487BF /* AppDelegate.swift in Sources */ = {isa = PBXBuildFile; fileRef = 586C8DE02158906A000487BF /* AppDelegate.swift */; };
		586C8DE32158906A000487BF /* ViewController.swift in Sources */ = {isa = PBXBuildFile; fileRef = 586C8DE22158906A000487BF /* ViewController.swift */; };
		586C8DE62158906A000487BF /* Main.storyboard in Resources */ = {isa = PBXBuildFile; fileRef = 586C8DE42158906A000487BF /* Main.storyboard */; };
		586C8DE82158906E000487BF /* Assets.xcassets in Resources */ = {isa = PBXBuildFile; fileRef = 586C8DE72158906E000487BF /* Assets.xcassets */; };
		586C8DEB2158906E000487BF /* LaunchScreen.storyboard in Resources */ = {isa = PBXBuildFile; fileRef = 586C8DE92158906E000487BF /* LaunchScreen.storyboard */; };
		5874B94C2158D3C6008EF58E /* CustomButton.swift in Sources */ = {isa = PBXBuildFile; fileRef = 5874B94B2158D3C5008EF58E /* CustomButton.swift */; };
		5874B94E2158D41C008EF58E /* Checkbox.swift in Sources */ = {isa = PBXBuildFile; fileRef = 5874B94D2158D41C008EF58E /* Checkbox.swift */; };
/* End PBXBuildFile section */

/* Begin PBXFileReference section */
		586C8DDD2158906A000487BF /* iBrainPredictor.app */ = {isa = PBXFileReference; explicitFileType = wrapper.application; includeInIndex = 0; path = iBrainPredictor.app; sourceTree = BUILT_PRODUCTS_DIR; };
		586C8DE02158906A000487BF /* AppDelegate.swift */ = {isa = PBXFileReference; lastKnownFileType = sourcecode.swift; path = AppDelegate.swift; sourceTree = "<group>"; };
		586C8DE22158906A000487BF /* ViewController.swift */ = {isa = PBXFileReference; lastKnownFileType = sourcecode.swift; path = ViewController.swift; sourceTree = "<group>"; };
		586C8DE52158906A000487BF /* Base */ = {isa = PBXFileReference; lastKnownFileType = file.storyboard; name = Base; path = Base.lproj/Main.storyboard; sourceTree = "<group>"; };
		586C8DE72158906E000487BF /* Assets.xcassets */ = {isa = PBXFileReference; lastKnownFileType = folder.assetcatalog; path = Assets.xcassets; sourceTree = "<group>"; };
		586C8DEA2158906E000487BF /* Base */ = {isa = PBXFileReference; lastKnownFileType = file.storyboard; name = Base; path = Base.lproj/LaunchScreen.storyboard; sourceTree = "<group>"; };
		586C8DEC2158906E000487BF /* Info.plist */ = {isa = PBXFileReference; lastKnownFileType = text.plist.xml; path = Info.plist; sourceTree = "<group>"; };
		5874B94B2158D3C5008EF58E /* CustomButton.swift */ = {isa = PBXFileReference; fileEncoding = 4; lastKnownFileType = sourcecode.swift; path = CustomButton.swift; sourceTree = "<group>"; };
		5874B94D2158D41C008EF58E /* Checkbox.swift */ = {isa = PBXFileReference; fileEncoding = 4; lastKnownFileType = sourcecode.swift; path = Checkbox.swift; sourceTree = "<group>"; };
/* End PBXFileReference section */

/* Begin PBXFrameworksBuildPhase section */
		586C8DDA2158906A000487BF /* Frameworks */ = {
			isa = PBXFrameworksBuildPhase;
			buildActionMask = 2147483647;
			files = (
			);
			runOnlyForDeploymentPostprocessing = 0;
		};
/* End PBXFrameworksBuildPhase section */

/* Begin PBXGroup section */
		586C8DD421589069000487BF = {
			isa = PBXGroup;
			children = (
				586C8DDF2158906A000487BF /* iBrainPredictor */,
				586C8DDE2158906A000487BF /* Products */,
			);
			sourceTree = "<group>";
		};
		586C8DDE2158906A000487BF /* Products */ = {
			isa = PBXGroup;
			children = (
				586C8DDD2158906A000487BF /* iBrainPredictor.app */,
			);
			name = Products;
			sourceTree = "<group>";
		};
		586C8DDF2158906A000487BF /* iBrainPredictor */ = {
			isa = PBXGroup;
			children = (
				586C8DE02158906A000487BF /* AppDelegate.swift */,
				586C8DE22158906A000487BF /* ViewController.swift */,
				5874B94D2158D41C008EF58E /* Checkbox.swift */,
				5874B94B2158D3C5008EF58E /* CustomButton.swift */,
				586C8DE42158906A000487BF /* Main.storyboard */,
				586C8DE72158906E000487BF /* Assets.xcassets */,
				586C8DE92158906E000487BF /* LaunchScreen.storyboard */,
				586C8DEC2158906E000487BF /* Info.plist */,
			);
			path = iBrainPredictor;
			sourceTree = "<group>";
		};
/* End PBXGroup section */

/* Begin PBXNativeTarget section */
		586C8DDC2158906A000487BF /* iBrainPredictor */ = {
			isa = PBXNativeTarget;
			buildConfigurationList = 586C8DEF2158906E000487BF /* Build configuration list for PBXNativeTarget "iBrainPredictor" */;
			buildPhases = (
				586C8DD92158906A000487BF /* Sources */,
				586C8DDA2158906A000487BF /* Frameworks */,
				586C8DDB2158906A000487BF /* Resources */,
			);
			buildRules = (
			);
			dependencies = (
			);
			name = iBrainPredictor;
			productName = iBrainPredictor;
			productReference = 586C8DDD2158906A000487BF /* iBrainPredictor.app */;
			productType = "com.apple.product-type.application";
		};
/* End PBXNativeTarget section */

/* Begin PBXProject section */
		586C8DD521589069000487BF /* Project object */ = {
			isa = PBXProject;
			attributes = {
				LastSwiftUpdateCheck = 1000;
				LastUpgradeCheck = 1000;
				ORGANIZATIONNAME = gikoha;
				TargetAttributes = {
					586C8DDC2158906A000487BF = {
						CreatedOnToolsVersion = 10.0;
					};
				};
			};
			buildConfigurationList = 586C8DD82158906A000487BF /* Build configuration list for PBXProject "iBrainPredictor" */;
			compatibilityVersion = "Xcode 9.3";
			developmentRegion = en;
			hasScannedForEncodings = 0;
			knownRegions = (
				en,
				Base,
			);
			mainGroup = 586C8DD421589069000487BF;
			productRefGroup = 586C8DDE2158906A000487BF /* Products */;
			projectDirPath = "";
			projectRoot = "";
			targets = (
				586C8DDC2158906A000487BF /* iBrainPredictor */,
			);
		};
/* End PBXProject section */

/* Begin PBXResourcesBuildPhase section */
		586C8DDB2158906A000487BF /* Resources */ = {
			isa = PBXResourcesBuildPhase;
			buildActionMask = 2147483647;
			files = (
				586C8DEB2158906E000487BF /* LaunchScreen.storyboard in Resources */,
				586C8DE82158906E000487BF /* Assets.xcassets in Resources */,
				586C8DE62158906A000487BF /* Main.storyboard in Resources */,
			);
			runOnlyForDeploymentPostprocessing = 0;
		};
/* End PBXResourcesBuildPhase section */

/* Begin PBXSourcesBuildPhase section */
		586C8DD92158906A000487BF /* Sources */ = {
			isa = PBXSourcesBuildPhase;
			buildActionMask = 2147483647;
			files = (
				5874B94E2158D41C008EF58E /* Checkbox.swift in Sources */,
				586C8DE32158906A000487BF /* ViewController.swift in Sources */,
				586C8DE12158906A000487BF /* AppDelegate.swift in Sources */,
				5874B94C2158D3C6008EF58E /* CustomButton.swift in Sources */,
			);
			runOnlyForDeploymentPostprocessing = 0;
		};
/* End PBXSourcesBuildPhase section */

/* Begin PBXVariantGroup section */
		586C8DE42158906A000487BF /* Main.storyboard */ = {
			isa = PBXVariantGroup;
			children = (
				586C8DE52158906A000487BF /* Base */,
			);
			name = Main.storyboard;
			sourceTree = "<group>";
		};
		586C8DE92158906E000487BF /* LaunchScreen.storyboard */ = {
			isa = PBXVariantGroup;
			children = (
				586C8DEA2158906E000487BF /* Base */,
			);
			name = LaunchScreen.storyboard;
			sourceTree = "<group>";
		};
/* End PBXVariantGroup section */

/* Begin XCBuildConfiguration section */
		586C8DED2158906E000487BF /* Debug */ = {
			isa = XCBuildConfiguration;
			buildSettings = {
				ALWAYS_SEARCH_USER_PATHS = NO;
				CLANG_ANALYZER_NONNULL = YES;
				CLANG_ANALYZER_NUMBER_OBJECT_CONVERSION = YES_AGGRESSIVE;
				CLANG_CXX_LANGUAGE_STANDARD = "gnu++14";
				CLANG_CXX_LIBRARY = "libc++";
				CLANG_ENABLE_MODULES = YES;
				CLANG_ENABLE_OBJC_ARC = YES;
				CLANG_ENABLE_OBJC_WEAK = YES;
				CLANG_WARN_BLOCK_CAPTURE_AUTORELEASING = YES;
				CLANG_WARN_BOOL_CONVERSION = YES;
				CLANG_WARN_COMMA = YES;
				CLANG_WARN_CONSTANT_CONVERSION = YES;
				CLANG_WARN_DEPRECATED_OBJC_IMPLEMENTATIONS = YES;
				CLANG_WARN_DIRECT_OBJC_ISA_USAGE = YES_ERROR;
				CLANG_WARN_DOCUMENTATION_COMMENTS = YES;
				CLANG_WARN_EMPTY_BODY = YES;
				CLANG_WARN_ENUM_CONVERSION = YES;
				CLANG_WARN_INFINITE_RECURSION = YES;
				CLANG_WARN_INT_CONVERSION = YES;
				CLANG_WARN_NON_LITERAL_NULL_CONVERSION = YES;
				CLANG_WARN_OBJC_IMPLICIT_RETAIN_SELF = YES;
				CLANG_WARN_OBJC_LITERAL_CONVERSION = YES;
				CLANG_WARN_OBJC_ROOT_CLASS = YES_ERROR;
				CLANG_WARN_RANGE_LOOP_ANALYSIS = YES;
				CLANG_WARN_STRICT_PROTOTYPES = YES;
				CLANG_WARN_SUSPICIOUS_MOVE = YES;
				CLANG_WARN_UNGUARDED_AVAILABILITY = YES_AGGRESSIVE;
				CLANG_WARN_UNREACHABLE_CODE = YES;
				CLANG_WARN__DUPLICATE_METHOD_MATCH = YES;
				CODE_SIGN_IDENTITY = "iPhone Developer";
				COPY_PHASE_STRIP = NO;
				DEBUG_INFORMATION_FORMAT = dwarf;
				ENABLE_STRICT_OBJC_MSGSEND = YES;
				ENABLE_TESTABILITY = YES;
				GCC_C_LANGUAGE_STANDARD = gnu11;
				GCC_DYNAMIC_NO_PIC = NO;
				GCC_NO_COMMON_BLOCKS = YES;
				GCC_OPTIMIZATION_LEVEL = 0;
				GCC_PREPROCESSOR_DEFINITIONS = (
					"DEBUG=1",
					"$(inherited)",
				);
				GCC_WARN_64_TO_32_BIT_CONVERSION = YES;
				GCC_WARN_ABOUT_RETURN_TYPE = YES_ERROR;
				GCC_WARN_UNDECLARED_SELECTOR = YES;
				GCC_WARN_UNINITIALIZED_AUTOS = YES_AGGRESSIVE;
				GCC_WARN_UNUSED_FUNCTION = YES;
				GCC_WARN_UNUSED_VARIABLE = YES;
				IPHONEOS_DEPLOYMENT_TARGET = 12.0;
				MTL_ENABLE_DEBUG_INFO = INCLUDE_SOURCE;
				MTL_FAST_MATH = YES;
				ONLY_ACTIVE_ARCH = YES;
				SDKROOT = iphoneos;
				SWIFT_ACTIVE_COMPILATION_CONDITIONS = DEBUG;
				SWIFT_OPTIMIZATION_LEVEL = "-Onone";
			};
			name = Debug;
		};
		586C8DEE2158906E000487BF /* Release */ = {
			isa = XCBuildConfiguration;
			buildSettings = {
				ALWAYS_SEARCH_USER_PATHS = NO;
				CLANG_ANALYZER_NONNULL = YES;
				CLANG_ANALYZER_NUMBER_OBJECT_CONVERSION = YES_AGGRESSIVE;
				CLANG_CXX_LANGUAGE_STANDARD = "gnu++14";
				CLANG_CXX_LIBRARY = "libc++";
				CLANG_ENABLE_MODULES = YES;
				CLANG_ENABLE_OBJC_ARC = YES;
				CLANG_ENABLE_OBJC_WEAK = YES;
				CLANG_WARN_BLOCK_CAPTURE_AUTORELEASING = YES;
				CLANG_WARN_BOOL_CONVERSION = YES;
				CLANG_WARN_COMMA = YES;
				CLANG_WARN_CONSTANT_CONVERSION = YES;
				CLANG_WARN_DEPRECATED_OBJC_IMPLEMENTATIONS = YES;
				CLANG_WARN_DIRECT_OBJC_ISA_USAGE = YES_ERROR;
				CLANG_WARN_DOCUMENTATION_COMMENTS = YES;
				CLANG_WARN_EMPTY_BODY = YES;
				CLANG_WARN_ENUM_CONVERSION = YES;
				CLANG_WARN_INFINITE_RECURSION = YES;
				CLANG_WARN_INT_CONVERSION = YES;
				CLANG_WARN_NON_LITERAL_NULL_CONVERSION = YES;
				CLANG_WARN_OBJC_IMPLICIT_RETAIN_SELF = YES;
				CLANG_WARN_OBJC_LITERAL_CONVERSION = YES;
				CLANG_WARN_OBJC_ROOT_CLASS = YES_ERROR;
				CLANG_WARN_RANGE_LOOP_ANALYSIS = YES;
				CLANG_WARN_STRICT_PROTOTYPES = YES;
				CLANG_WARN_SUSPICIOUS_MOVE = YES;
				CLANG_WARN_UNGUARDED_AVAILABILITY = YES_AGGRESSIVE;
				CLANG_WARN_UNREACHABLE_CODE = YES;
				CLANG_WARN__DUPLICATE_METHOD_MATCH = YES;
				CODE_SIGN_IDENTITY = "iPhone Developer";
				COPY_PHASE_STRIP = NO;
				DEBUG_INFORMATION_FORMAT = "dwarf-with-dsym";
				ENABLE_NS_ASSERTIONS = NO;
				ENABLE_STRICT_OBJC_MSGSEND = YES;
				GCC_C_LANGUAGE_STANDARD = gnu11;
				GCC_NO_COMMON_BLOCKS = YES;
				GCC_WARN_64_TO_32_BIT_CONVERSION = YES;
				GCC_WARN_ABOUT_RETURN_TYPE = YES_ERROR;
				GCC_WARN_UNDECLARED_SELECTOR = YES;
				GCC_WARN_UNINITIALIZED_AUTOS = YES_AGGRESSIVE;
				GCC_WARN_UNUSED_FUNCTION = YES;
				GCC_WARN_UNUSED_VARIABLE = YES;
				IPHONEOS_DEPLOYMENT_TARGET = 12.0;
				MTL_ENABLE_DEBUG_INFO = NO;
				MTL_FAST_MATH = YES;
				SDKROOT = iphoneos;
				SWIFT_COMPILATION_MODE = wholemodule;
				SWIFT_OPTIMIZATION_LEVEL = "-O";
				VALIDATE_PRODUCT = YES;
			};
			name = Release;
		};
		586C8DF02158906E000487BF /* Debug */ = {
			isa = XCBuildConfiguration;
			buildSettings = {
				ASSETCATALOG_COMPILER_APPICON_NAME = AppIcon;
				CODE_SIGN_STYLE = Automatic;
				DEVELOPMENT_TEAM = 3K8Q9N3SGN;
				INFOPLIST_FILE = iBrainPredictor/Info.plist;
				LD_RUNPATH_SEARCH_PATHS = (
					"$(inherited)",
					"@executable_path/Frameworks",
				);
				PRODUCT_BUNDLE_IDENTIFIER = com.hatenablog.gikoha.iBrainPredictor;
				PRODUCT_NAME = "$(TARGET_NAME)";
				SWIFT_VERSION = 4.2;
				TARGETED_DEVICE_FAMILY = "1,2";
			};
			name = Debug;
		};
		586C8DF12158906E000487BF /* Release */ = {
			isa = XCBuildConfiguration;
			buildSettings = {
				ASSETCATALOG_COMPILER_APPICON_NAME = AppIcon;
				CODE_SIGN_STYLE = Automatic;
				DEVELOPMENT_TEAM = 3K8Q9N3SGN;
				INFOPLIST_FILE = iBrainPredictor/Info.plist;
				LD_RUNPATH_SEARCH_PATHS = (
					"$(inherited)",
					"@executable_path/Frameworks",
				);
				PRODUCT_BUNDLE_IDENTIFIER = com.hatenablog.gikoha.iBrainPredictor;
				PRODUCT_NAME = "$(TARGET_NAME)";
				SWIFT_VERSION = 4.2;
				TARGETED_DEVICE_FAMILY = "1,2";
			};
			name = Release;
		};
/* End XCBuildConfiguration section */

/* Begin XCConfigurationList section */
		586C8DD82158906A000487BF /* Build configuration list for PBXProject "iBrainPredictor" */ = {
			isa = XCConfigurationList;
			buildConfigurations = (
				586C8DED2158906E000487BF /* Debug */,
				586C8DEE2158906E000487BF /* Release */,
			);
			defaultConfigurationIsVisible = 0;
			defaultConfigurationName = Release;
		};
		586C8DEF2158906E000487BF /* Build configuration list for PBXNativeTarget "iBrainPredictor" */ = {
			isa = XCConfigurationList;
			buildConfigurations = (
				586C8DF02158906E000487BF /* Debug */,
				586C8DF12158906E000487BF /* Release */,
			);
			defaultConfigurationIsVisible = 0;
			defaultConfigurationName = Release;
		};
/* End XCConfigurationList section */
	};
	rootObject = 586C8DD521589069000487BF /* Project object */;
}
